
Microsoft Visual Studio Solution File, Format Version 12.00
# Visual Studio Version 17
VisualStudioVersion = 17.0.32112.339
MinimumVisualStudioVersion = 10.0.40219.1
Project("{8BC9CEB8-8B4A-11D0-8D11-00A0C91BC942}") = "AUM-Ono-API", "AUM-Ono-API\AUM-Ono-API.vcxproj", "{6B3239A1-EA8F-4033-9139-C9B8B82F393B}"
EndProject
Project("{8BC9CEB8-8B4A-11D0-8D11-00A0C91BC942}") = "AUM-Workstation", "AUM-Workstation\AUM-Workstation.vcxproj", "{D0FC3545-1936-4BA0-9421-4C132D0139D5}"
EndProject
Global
	GlobalSection(SolutionConfigurationPlatforms) = preSolution
		Debug|x64 = Debug|x64
		Debug|x86 = Debug|x86
		Release|x64 = Release|x64
		Release|x86 = Release|x86
	EndGlobalSection
	GlobalSection(ProjectConfigurationPlatforms) = postSolution
		{6B3239A1-EA8F-4033-9139-C9B8B82F393B}.Debug|x64.ActiveCfg = Debug|x64
		{6B3239A1-EA8F-4033-9139-C9B8B82F393B}.Debug|x64.Build.0 = Debug|x64
		{6B3239A1-EA8F-4033-9139-C9B8B82F393B}.Debug|x86.ActiveCfg = Debug|Win32
		{6B3239A1-EA8F-4033-9139-C9B8B82F393B}.Debug|x86.Build.0 = Debug|Win32
		{6B3239A1-EA8F-4033-9139-C9B8B82F393B}.Release|x64.ActiveCfg = Release|x64
		{6B3239A1-EA8F-4033-9139-C9B8B82F393B}.Release|x64.Build.0 = Release|x64
		{6B3239A1-EA8F-4033-9139-C9B8B82F393B}.Release|x86.ActiveCfg = Release|Win32
		{6B3239A1-EA8F-4033-9139-C9B8B82F393B}.Release|x86.Build.0 = Release|Win32
		{D0FC3545-1936-4BA0-9421-4C132D0139D5}.Debug|x64.ActiveCfg = Debug|x64
		{D0FC3545-1936-4BA0-9421-4C132D0139D5}.Debug|x64.Build.0 = Debug|x64
		{D0FC3545-1936-4BA0-9421-4C132D0139D5}.Debug|x86.ActiveCfg = Debug|Win32
		{D0FC3545-1936-4BA0-9421-4C132D0139D5}.Debug|x86.Build.0 = Debug|Win32
		{D0FC3545-1936-4BA0-9421-4C132D0139D5}.Release|x64.ActiveCfg = Release|x64
		{D0FC3545-1936-4BA0-9421-4C132D0139D5}.Release|x64.Build.0 = Release|x64
		{D0FC3545-1936-4BA0-9421-4C132D0139D5}.Release|x86.ActiveCfg = Release|Win32
		{D0FC3545-1936-4BA0-9421-4C132D0139D5}.Release|x86.Build.0 = Release|Win32
	EndGlobalSection
	GlobalSection(SolutionProperties) = preSolution
		HideSolutionNode = FALSE
	EndGlobalSection
	GlobalSection(ExtensibilityGlobals) = postSolution
		SolutionGuid = {63B05446-FCA7-463F-80B3-7FB7832D82E8}
	EndGlobalSection
EndGlobal
