<?xml version="1.0" encoding="utf-8"?>
<Project ToolsVersion="4.0" xmlns="http://schemas.microsoft.com/developer/msbuild/2003">
  <ItemGroup>
    <Filter Include="Source Files">
      <UniqueIdentifier>{4FC737F1-C7A5-4376-A066-2A32D752A2FF}</UniqueIdentifier>
      <Extensions>cpp;c;cc;cxx;c++;cppm;ixx;def;odl;idl;hpj;bat;asm;asmx</Extensions>
    </Filter>
    <Filter Include="Header Files">
      <UniqueIdentifier>{93995380-89BD-4b04-88EB-625FBE52EBFB}</UniqueIdentifier>
      <Extensions>h;hh;hpp;hxx;h++;hm;inl;inc;ipp;xsd</Extensions>
    </Filter>
    <Filter Include="Resource Files">
      <UniqueIdentifier>{67DA6AB6-F800-4c08-8B7A-83BB121AAD01}</UniqueIdentifier>
      <Extensions>rc;ico;cur;bmp;dlg;rc2;rct;bin;rgs;gif;jpg;jpeg;jpe;resx;tiff;tif;png;wav;mfcribbon-ms</Extensions>
    </Filter>
  </ItemGroup>
  <ItemGroup>
    <ClInclude Include="Source\AUM-Workstation-Build.h">
      <Filter>Header Files</Filter>
    </ClInclude>
    <ClInclude Include="Source\Workstation\AUM-Workstation-Item.h">
      <Filter>Header Files</Filter>
    </ClInclude>
    <ClInclude Include="Source\AUM-Workstation.h">
      <Filter>Header Files</Filter>
    </ClInclude>
    <ClInclude Include="Source\AUM-Workstation-Entry-Point.h">
      <Filter>Header Files</Filter>
    </ClInclude>
    <ClInclude Include="Source\Log\AUM-Workstation-Log.h">
      <Filter>Header Files</Filter>
    </ClInclude>
    <ClInclude Include="Source\Workstation\AUM-Workstation-Item-Factory.h">
      <Filter>Header Files</Filter>
    </ClInclude>
    <ClInclude Include="Source\Runtime\AUM-Workstation-Runtime.h">
      <Filter>Header Files</Filter>
    </ClInclude>
    <ClInclude Include="Source\Enumerate\AUM-Workstation-Enumerate.h">
      <Filter>Header Files</Filter>
    </ClInclude>
    <ClInclude Include="Source\Enumerate\AUM-Workstation-Enumerate-Abstract.h">
      <Filter>Header Files</Filter>
    </ClInclude>
    <ClInclude Include="Source\Unit-Test\AUM-Workstation-Runtime-Unit-Test.h">
      <Filter>Header Files</Filter>
    </ClInclude>
    <ClInclude Include="Source\Unit-Test\AUM-Workstation-Unit-Test.h">
      <Filter>Header Files</Filter>
    </ClInclude>
    <ClInclude Include="Source\IO\AUM-Workstation-IO.h">
      <Filter>Header Files</Filter>
    </ClInclude>
  </ItemGroup>
  <ItemGroup>
    <ClCompile Include="Source\Workstation\AUM-Workstation-Item.cpp">
      <Filter>Source Files</Filter>
    </ClCompile>
    <ClCompile Include="Source\Log\AUM-Workstation-Log.cpp">
      <Filter>Source Files</Filter>
    </ClCompile>
    <ClCompile Include="Source\Workstation\AUM-Workstation-Item-Factory.cpp">
      <Filter>Source Files</Filter>
    </ClCompile>
    <ClCompile Include="Source\Enumerate\AUM-Workstation-Enumerate-Abstract.cpp">
      <Filter>Source Files</Filter>
    </ClCompile>
    <ClCompile Include="Source\Unit-Test\AUM-Workstation-Runtime-Unit-Test.cpp">
      <Filter>Source Files</Filter>
    </ClCompile>
    <ClCompile Include="Source\Unit-Test\AUM-Workstation-Unit-Test.cpp">
      <Filter>Source Files</Filter>
    </ClCompile>
    <ClCompile Include="Source\Enumerate\AUM-Workstation-Enumerate.cpp">
      <Filter>Source Files</Filter>
    </ClCompile>
  </ItemGroup>
  <ItemGroup>
    <None Include="Ext-Dependencies\Vendors\premake\premake5.lua" />
  </ItemGroup>
  <ItemGroup>
    <Text Include="Ext-Dependencies\Vendors\premake\LICENSE.txt" />
  </ItemGroup>
</Project>